<?xml version="1.0" encoding="utf-8"?>
<Project ToolsVersion="4.0" xmlns="http://schemas.microsoft.com/developer/msbuild/2003">
  <ItemGroup>
    <Filter Include="Source Files">
      <UniqueIdentifier>{4FC737F1-C7A5-4376-A066-2A32D752A2FF}</UniqueIdentifier>
      <Extensions>cpp;c;cc;cxx;c++;cppm;ixx;def;odl;idl;hpj;bat;asm;asmx</Extensions>
    </Filter>
    <Filter Include="Header Files">
      <UniqueIdentifier>{93995380-89BD-4b04-88EB-625FBE52EBFB}</UniqueIdentifier>
      <Extensions>h;hh;hpp;hxx;h++;hm;inl;inc;ipp;xsd</Extensions>
    </Filter>
    <Filter Include="Resource Files">
      <UniqueIdentifier>{67DA6AB6-F800-4c08-8B7A-83BB121AAD01}</UniqueIdentifier>
      <Extensions>rc;ico;cur;bmp;dlg;rc2;rct;bin;rgs;gif;jpg;jpeg;jpe;resx;tiff;tif;png;wav;mfcribbon-ms</Extensions>
    </Filter>
  </ItemGroup>
  <ItemGroup>
    <ClCompile Include="src\main.cpp">
      <Filter>Source Files</Filter>
    </ClCompile>
    <ClCompile Include="src\pch.cpp">
      <Filter>Source Files</Filter>
    </ClCompile>
    <ClCompile Include="src\window\window.cpp">
      <Filter>Source Files</Filter>
    </ClCompile>
    <ClCompile Include="src\exceptions\exceptions.cpp">
      <Filter>Source Files</Filter>
    </ClCompile>
    <ClCompile Include="src\input\input.cpp">
      <Filter>Source Files</Filter>
    </ClCompile>
    <ClCompile Include="src\application\application.cpp">
      <Filter>Source Files</Filter>
    </ClCompile>
    <ClCompile Include="src\graphics\vulkan\vulkan.cpp">
      <Filter>Source Files</Filter>
    </ClCompile>
    <ClCompile Include="src\graphics\vulkan\system_objects\vk_physicaldevice.cpp">
      <Filter>Source Files</Filter>
    </ClCompile>
    <ClCompile Include="src\graphics\vulkan\system_objects\vk_instance.cpp">
      <Filter>Source Files</Filter>
    </ClCompile>
    <ClCompile Include="src\console\console.cpp">
      <Filter>Source Files</Filter>
    </ClCompile>
    <ClCompile Include="src\graphics\vulkan\system_objects\vk_device.cpp">
      <Filter>Source Files</Filter>
    </ClCompile>
    <ClCompile Include="src\graphics\vulkan\vk_debug.cpp">
      <Filter>Source Files</Filter>
    </ClCompile>
    <ClCompile Include="src\graphics\vulkan\extensions\vk_ext_debugutils.cpp">
      <Filter>Source Files</Filter>
    </ClCompile>
    <ClCompile Include="src\graphics\vulkan\system_objects\vk_surface.cpp">
      <Filter>Source Files</Filter>
    </ClCompile>
    <ClCompile Include="src\graphics\vulkan\system_objects\vk_queues.cpp">
      <Filter>Source Files</Filter>
    </ClCompile>
    <ClCompile Include="src\graphics\vulkan\system_objects\vk_queuefamilies.cpp">
      <Filter>Source Files</Filter>
    </ClCompile>
    <ClCompile Include="src\graphics\vulkan\system_objects\vk_commandbuffers.cpp">
      <Filter>Source Files</Filter>
    </ClCompile>
    <ClCompile Include="src\graphics\vulkan\system_objects\vk_sync.cpp">
      <Filter>Source Files</Filter>
    </ClCompile>
    <ClCompile Include="src\graphics\vulkan\system_objects\vk_swapchain.cpp">
      <Filter>Source Files</Filter>
    </ClCompile>
    <ClCompile Include="src\graphics\vulkan\vk_memory.cpp">
      <Filter>Source Files</Filter>
    </ClCompile>
    <ClCompile Include="src\graphics\vulkan\game_objects\vk_vertexbuffer.cpp">
      <Filter>Source Files</Filter>
    </ClCompile>
    <ClCompile Include="src\file\file.cpp">
      <Filter>Source Files</Filter>
    </ClCompile>
    <ClCompile Include="src\game\game.cpp">
      <Filter>Source Files</Filter>
    </ClCompile>
    <ClCompile Include="src\game\player.cpp">
      <Filter>Source Files</Filter>
    </ClCompile>
    <ClCompile Include="src\graphics\vulkan\pipelines\vk_shadermodule.cpp">
      <Filter>Source Files</Filter>
    </ClCompile>
    <ClCompile Include="src\graphics\vulkan\pipelines\vk_tiles_pipeline.cpp">
      <Filter>Source Files</Filter>
    </ClCompile>
    <ClCompile Include="src\graphics\vulkan\game_objects\vk_atlas_texture.cpp">
      <Filter>Source Files</Filter>
    </ClCompile>
    <ClCompile Include="src\graphics\vulkan\vk_draw.cpp">
      <Filter>Source Files</Filter>
    </ClCompile>
    <ClCompile Include="src\graphics\vulkan\renderpasses\vk_renderpasses.cpp">
      <Filter>Source Files</Filter>
    </ClCompile>
    <ClCompile Include="src\graphics\vulkan\game_objects\vk_objects_instancebuffer.cpp">
      <Filter>Source Files</Filter>
    </ClCompile>
    <ClCompile Include="src\graphics\vulkan\pipelines\vk_sprite_pipeline.cpp">
      <Filter>Source Files</Filter>
    </ClCompile>
    <ClCompile Include="src\graphics\vulkan\renderpasses\vk_objects_pass.cpp">
      <Filter>Source Files</Filter>
    </ClCompile>
    <ClCompile Include="src\graphics\vulkan\game_objects\vk_renderimage.cpp">
      <Filter>Source Files</Filter>
    </ClCompile>
    <ClCompile Include="src\graphics\vulkan\descriptor_sets\vk_atlas_descriptor_set.cpp">
      <Filter>Source Files</Filter>
    </ClCompile>
    <ClCompile Include="src\graphics\vulkan\game_objects\vk_point_sampler.cpp">
      <Filter>Source Files</Filter>
    </ClCompile>
    <ClCompile Include="src\graphics\vulkan\game_objects\vk_level_texture.cpp">
      <Filter>Source Files</Filter>
    </ClCompile>
    <ClCompile Include="src\graphics\vulkan\descriptor_sets\vk_level_descriptor_set.cpp">
      <Filter>Source Files</Filter>
    </ClCompile>
    <ClCompile Include="src\graphics\vulkan\descriptor_sets\vk_static_descriptor_pool.cpp">
      <Filter>Source Files</Filter>
    </ClCompile>
    <ClCompile Include="src\graphics\vulkan\vk_image_util.cpp">
      <Filter>Source Files</Filter>
    </ClCompile>
    <ClCompile Include="src\game\level.cpp">
      <Filter>Source Files</Filter>
    </ClCompile>
    <ClCompile Include="src\game\coin.cpp">
      <Filter>Source Files</Filter>
    </ClCompile>
    <ClCompile Include="src\game\entity.cpp">
      <Filter>Source Files</Filter>
    </ClCompile>
    <ClCompile Include="src\graphics\vulkan\extensions\vk_ext_memorypriority.cpp">
      <Filter>Source Files</Filter>
    </ClCompile>
    <ClCompile Include="src\graphics\vulkan\game_objects\vk_win_screen.cpp">
      <Filter>Source Files</Filter>
    </ClCompile>
    <ClCompile Include="src\audio\audio.cpp">
      <Filter>Source Files</Filter>
    </ClCompile>
  </ItemGroup>
  <ItemGroup>
    <ClInclude Include="src\pch.h">
      <Filter>Header Files</Filter>
    </ClInclude>
    <ClInclude Include="src\window\window.h">
      <Filter>Header Files</Filter>
    </ClInclude>
    <ClInclude Include="src\exceptions\exceptions.h">
      <Filter>Header Files</Filter>
    </ClInclude>
    <ClInclude Include="src\input\input.h">
      <Filter>Header Files</Filter>
    </ClInclude>
    <ClInclude Include="src\application\application.h">
      <Filter>Header Files</Filter>
    </ClInclude>
    <ClInclude Include="src\graphics\graphics.h">
      <Filter>Header Files</Filter>
    </ClInclude>
    <ClInclude Include="src\graphics\vulkan\vulkan.h">
      <Filter>Header Files</Filter>
    </ClInclude>
    <ClInclude Include="src\graphics\vulkan\system_objects\vk_instance.h">
      <Filter>Header Files</Filter>
    </ClInclude>
    <ClInclude Include="src\graphics\vulkan\system_objects\vk_physicaldevice.h">
      <Filter>Header Files</Filter>
    </ClInclude>
    <ClInclude Include="src\console\console.h">
      <Filter>Header Files</Filter>
    </ClInclude>
    <ClInclude Include="src\graphics\vulkan\system_objects\vk_device.h">
      <Filter>Header Files</Filter>
    </ClInclude>
    <ClInclude Include="src\graphics\vulkan\vk_debug.h">
      <Filter>Header Files</Filter>
    </ClInclude>
    <ClInclude Include="src\graphics\vulkan\extensions\vk_ext_debugutils.h">
      <Filter>Header Files</Filter>
    </ClInclude>
    <ClInclude Include="src\graphics\vulkan\system_objects\vk_surface.h">
      <Filter>Header Files</Filter>
    </ClInclude>
    <ClInclude Include="src\graphics\vulkan\system_objects\vk_queues.h">
      <Filter>Header Files</Filter>
    </ClInclude>
    <ClInclude Include="src\graphics\vulkan\system_objects\vk_queuefamilies.h">
      <Filter>Header Files</Filter>
    </ClInclude>
    <ClInclude Include="src\graphics\vulkan\system_objects\vk_commandbuffers.h">
      <Filter>Header Files</Filter>
    </ClInclude>
    <ClInclude Include="src\graphics\vulkan\system_objects\vk_sync.h">
      <Filter>Header Files</Filter>
    </ClInclude>
    <ClInclude Include="src\graphics\vulkan\system_objects\vk_swapchain.h">
      <Filter>Header Files</Filter>
    </ClInclude>
    <ClInclude Include="src\graphics\vulkan\vk_memory.h">
      <Filter>Header Files</Filter>
    </ClInclude>
    <ClInclude Include="src\graphics\vulkan\game_objects\vk_vertexbuffer.h">
      <Filter>Header Files</Filter>
    </ClInclude>
    <ClInclude Include="src\file\file.h">
      <Filter>Header Files</Filter>
    </ClInclude>
    <ClInclude Include="src\game\game.h">
      <Filter>Header Files</Filter>
    </ClInclude>
    <ClInclude Include="src\game\player.h">
      <Filter>Header Files</Filter>
    </ClInclude>
    <ClInclude Include="src\graphics\vulkan\pipelines\vk_shadermodule.h">
      <Filter>Header Files</Filter>
    </ClInclude>
    <ClInclude Include="src\graphics\vulkan\pipelines\vk_tiles_pipeline.h">
      <Filter>Header Files</Filter>
    </ClInclude>
    <ClInclude Include="src\graphics\vulkan\game_objects\vk_atlas_texture.h">
      <Filter>Header Files</Filter>
    </ClInclude>
    <ClInclude Include="src\graphics\vulkan\vk_draw.h">
      <Filter>Header Files</Filter>
    </ClInclude>
    <ClInclude Include="src\graphics\vulkan\renderpasses\vk_renderpasses.h">
      <Filter>Header Files</Filter>
    </ClInclude>
    <ClInclude Include="src\graphics\vulkan\game_objects\vk_objects_instancebuffer.h">
      <Filter>Header Files</Filter>
    </ClInclude>
    <ClInclude Include="src\graphics\vulkan\pipelines\vk_sprite_pipeline.h">
      <Filter>Header Files</Filter>
    </ClInclude>
    <ClInclude Include="src\graphics\vulkan\renderpasses\vk_objects_pass.h">
      <Filter>Header Files</Filter>
    </ClInclude>
    <ClInclude Include="src\graphics\vulkan\game_objects\vk_renderimage.h">
      <Filter>Header Files</Filter>
    </ClInclude>
    <ClInclude Include="src\graphics\vulkan\descriptor_sets\vk_atlas_descriptor_set.h">
      <Filter>Header Files</Filter>
    </ClInclude>
    <ClInclude Include="src\time\time.h">
      <Filter>Header Files</Filter>
    </ClInclude>
    <ClInclude Include="src\graphics\vulkan\game_objects\vk_point_sampler.h">
      <Filter>Header Files</Filter>
    </ClInclude>
    <ClInclude Include="src\graphics\vulkan\game_objects\vk_level_texture.h">
      <Filter>Header Files</Filter>
    </ClInclude>
    <ClInclude Include="src\graphics\vulkan\descriptor_sets\vk_level_descriptor_set.h">
      <Filter>Header Files</Filter>
    </ClInclude>
    <ClInclude Include="src\graphics\vulkan\descriptor_sets\vk_static_descriptor_pool.h">
      <Filter>Header Files</Filter>
    </ClInclude>
    <ClInclude Include="src\game\level.h">
      <Filter>Header Files</Filter>
    </ClInclude>
    <ClInclude Include="src\graphics\vulkan\vk_image_util.h">
      <Filter>Header Files</Filter>
    </ClInclude>
    <ClInclude Include="src\game\entity.h">
      <Filter>Header Files</Filter>
    </ClInclude>
    <ClInclude Include="src\game\coin.h">
      <Filter>Header Files</Filter>
    </ClInclude>
    <ClInclude Include="src\graphics\vulkan\extensions\vk_ext_memorypriority.h">
      <Filter>Header Files</Filter>
    </ClInclude>
    <ClInclude Include="src\graphics\vulkan\game_objects\vk_win_screen.h">
      <Filter>Header Files</Filter>
    </ClInclude>
    <ClInclude Include="src\graphics\vulkan\vk_spritedata.h">
      <Filter>Header Files</Filter>
    </ClInclude>
    <ClInclude Include="src\game\blockhead.h">
      <Filter>Header Files</Filter>
    </ClInclude>
    <ClInclude Include="src\audio\audio.h">
      <Filter>Header Files</Filter>
    </ClInclude>
    <ClInclude Include="resource.h">
      <Filter>Header Files</Filter>
    </ClInclude>
  </ItemGroup>
  <ItemGroup>
    <None Include="data\sprite.frag" />
    <None Include="data\sprite.vert" />
    <None Include="data\tilerenderer.hlsl" />
    <None Include="data\tiles.frag" />
    <None Include="data\tiles.vert" />
  </ItemGroup>
  <ItemGroup>
    <ResourceCompile Include="JumpGame.rc">
      <Filter>Resource Files</Filter>
    </ResourceCompile>
  </ItemGroup>
  <ItemGroup>
    <Image Include="jumpman.ico">
      <Filter>Resource Files</Filter>
    </Image>
  </ItemGroup>
</Project>